
Microsoft Visual Studio Solution File, Format Version 12.00
# Visual Studio Version 16
VisualStudioVersion = 16.0.31613.86
MinimumVisualStudioVersion = 10.0.40219.1
Project("{9A19103F-16F7-4668-BE54-9A1E7A4F7556}") = "SmokeApp", "SmokeApp\SmokeApp.csproj", "{45374888-1938-4826-9DE1-3E0236B9AEA6}"
EndProject
Project("{9A19103F-16F7-4668-BE54-9A1E7A4F7556}") = "P2_Group3_SmokeApp_Storage", "P2_Group3_SmokeApp_Storage\P2_Group3_SmokeApp_Storage.csproj", "{66EDF81D-DDA7-488A-B2F6-2CF126CB37A0}"
EndProject
Project("{9A19103F-16F7-4668-BE54-9A1E7A4F7556}") = "P2_Group3_SmokeApp_Domain", "P2_Group3_SmokeApp_Domain\P2_Group3_SmokeApp_Domain.csproj", "{F018D088-0541-4CD3-AB2E-049CB210E3BA}"
EndProject
Global
	GlobalSection(SolutionConfigurationPlatforms) = preSolution
		Debug|Any CPU = Debug|Any CPU
		Release|Any CPU = Release|Any CPU
	EndGlobalSection
	GlobalSection(ProjectConfigurationPlatforms) = postSolution
		{45374888-1938-4826-9DE1-3E0236B9AEA6}.Debug|Any CPU.ActiveCfg = Debug|Any CPU
		{45374888-1938-4826-9DE1-3E0236B9AEA6}.Debug|Any CPU.Build.0 = Debug|Any CPU
		{45374888-1938-4826-9DE1-3E0236B9AEA6}.Release|Any CPU.ActiveCfg = Release|Any CPU
		{45374888-1938-4826-9DE1-3E0236B9AEA6}.Release|Any CPU.Build.0 = Release|Any CPU
		{66EDF81D-DDA7-488A-B2F6-2CF126CB37A0}.Debug|Any CPU.ActiveCfg = Debug|Any CPU
		{66EDF81D-DDA7-488A-B2F6-2CF126CB37A0}.Debug|Any CPU.Build.0 = Debug|Any CPU
		{66EDF81D-DDA7-488A-B2F6-2CF126CB37A0}.Release|Any CPU.ActiveCfg = Release|Any CPU
		{66EDF81D-DDA7-488A-B2F6-2CF126CB37A0}.Release|Any CPU.Build.0 = Release|Any CPU
		{F018D088-0541-4CD3-AB2E-049CB210E3BA}.Debug|Any CPU.ActiveCfg = Debug|Any CPU
		{F018D088-0541-4CD3-AB2E-049CB210E3BA}.Debug|Any CPU.Build.0 = Debug|Any CPU
		{F018D088-0541-4CD3-AB2E-049CB210E3BA}.Release|Any CPU.ActiveCfg = Release|Any CPU
		{F018D088-0541-4CD3-AB2E-049CB210E3BA}.Release|Any CPU.Build.0 = Release|Any CPU
	EndGlobalSection
	GlobalSection(SolutionProperties) = preSolution
		HideSolutionNode = FALSE
	EndGlobalSection
	GlobalSection(ExtensibilityGlobals) = postSolution
		SolutionGuid = {892B56A9-0346-48DD-9F62-2AA238296824}
	EndGlobalSection
EndGlobal
