
Microsoft Visual Studio Solution File, Format Version 12.00
# Visual Studio Version 16
VisualStudioVersion = 16.0.31613.86
MinimumVisualStudioVersion = 10.0.40219.1
Project("{9A19103F-16F7-4668-BE54-9A1E7A4F7556}") = "SmokeAppApi", "SmokeAppApi\SmokeAppApi.csproj", "{07A7DEC8-6F77-4C90-8837-FB3DA635A778}"
EndProject
Project("{9A19103F-16F7-4668-BE54-9A1E7A4F7556}") = "SmokeApp_Storage", "SmokeApp_Storage\SmokeApp_Storage.csproj", "{A618AF7C-4937-49B7-B98F-F881116F9781}"
	ProjectSection(ProjectDependencies) = postProject
		{5DADF510-95FA-4B0C-9495-12A8F287B4C3} = {5DADF510-95FA-4B0C-9495-12A8F287B4C3}
	EndProjectSection
EndProject
Project("{9A19103F-16F7-4668-BE54-9A1E7A4F7556}") = "SmokeApp_Domain", "SmokeApp_Domain\SmokeApp_Domain.csproj", "{5DADF510-95FA-4B0C-9495-12A8F287B4C3}"
EndProject
Project("{9A19103F-16F7-4668-BE54-9A1E7A4F7556}") = "SmokeAppConsoleForTesting", "SmokeAppConsoleForTesting\SmokeAppConsoleForTesting.csproj", "{55B4BA6E-623B-4E71-B7F0-CD4B0D7EA667}"
EndProject
Project("{FAE04EC0-301F-11D3-BF4B-00C04F79EFBC}") = "SmokeApp_Testing", "SmokeApp_Testing\SmokeApp_Testing.csproj", "{24B5EF77-18B3-45AD-9726-6D04976C88D9}"
EndProject
Global
	GlobalSection(SolutionConfigurationPlatforms) = preSolution
		Debug|Any CPU = Debug|Any CPU
		Release|Any CPU = Release|Any CPU
	EndGlobalSection
	GlobalSection(ProjectConfigurationPlatforms) = postSolution
		{07A7DEC8-6F77-4C90-8837-FB3DA635A778}.Debug|Any CPU.ActiveCfg = Debug|Any CPU
		{07A7DEC8-6F77-4C90-8837-FB3DA635A778}.Debug|Any CPU.Build.0 = Debug|Any CPU
		{07A7DEC8-6F77-4C90-8837-FB3DA635A778}.Release|Any CPU.ActiveCfg = Release|Any CPU
		{07A7DEC8-6F77-4C90-8837-FB3DA635A778}.Release|Any CPU.Build.0 = Release|Any CPU
		{A618AF7C-4937-49B7-B98F-F881116F9781}.Debug|Any CPU.ActiveCfg = Debug|Any CPU
		{A618AF7C-4937-49B7-B98F-F881116F9781}.Debug|Any CPU.Build.0 = Debug|Any CPU
		{A618AF7C-4937-49B7-B98F-F881116F9781}.Release|Any CPU.ActiveCfg = Release|Any CPU
		{A618AF7C-4937-49B7-B98F-F881116F9781}.Release|Any CPU.Build.0 = Release|Any CPU
		{5DADF510-95FA-4B0C-9495-12A8F287B4C3}.Debug|Any CPU.ActiveCfg = Debug|Any CPU
		{5DADF510-95FA-4B0C-9495-12A8F287B4C3}.Debug|Any CPU.Build.0 = Debug|Any CPU
		{5DADF510-95FA-4B0C-9495-12A8F287B4C3}.Release|Any CPU.ActiveCfg = Release|Any CPU
		{5DADF510-95FA-4B0C-9495-12A8F287B4C3}.Release|Any CPU.Build.0 = Release|Any CPU
		{55B4BA6E-623B-4E71-B7F0-CD4B0D7EA667}.Debug|Any CPU.ActiveCfg = Debug|Any CPU
		{55B4BA6E-623B-4E71-B7F0-CD4B0D7EA667}.Debug|Any CPU.Build.0 = Debug|Any CPU
		{55B4BA6E-623B-4E71-B7F0-CD4B0D7EA667}.Release|Any CPU.ActiveCfg = Release|Any CPU
		{55B4BA6E-623B-4E71-B7F0-CD4B0D7EA667}.Release|Any CPU.Build.0 = Release|Any CPU
		{24B5EF77-18B3-45AD-9726-6D04976C88D9}.Debug|Any CPU.ActiveCfg = Debug|Any CPU
		{24B5EF77-18B3-45AD-9726-6D04976C88D9}.Debug|Any CPU.Build.0 = Debug|Any CPU
		{24B5EF77-18B3-45AD-9726-6D04976C88D9}.Release|Any CPU.ActiveCfg = Release|Any CPU
		{24B5EF77-18B3-45AD-9726-6D04976C88D9}.Release|Any CPU.Build.0 = Release|Any CPU
	EndGlobalSection
	GlobalSection(SolutionProperties) = preSolution
		HideSolutionNode = FALSE
	EndGlobalSection
	GlobalSection(ExtensibilityGlobals) = postSolution
		SolutionGuid = {74D1342C-F574-4475-81B1-367EE24FF759}
	EndGlobalSection
EndGlobal
